Microsoft Visual Studio Solution File, Format Version 12.00
# Visual Studio Version 17
VisualStudioVersion = 17.5.2.0
MinimumVisualStudioVersion = 10.0.40219.1
Project("{FAE04EC0-301F-11D3-BF4B-00C04F79EFBC}") = "inventory_service", "inventory_service.csproj", "{F8F6CE16-4A88-2C1E-B291-C55AB9E12326}"
EndProject
Global
	GlobalSection(SolutionConfigurationPlatforms) = preSolution
		Debug|Any CPU = Debug|Any CPU
		Release|Any CPU = Release|Any CPU
	EndGlobalSection
	GlobalSection(ProjectConfigurationPlatforms) = postSolution
		{F8F6CE16-4A88-2C1E-B291-C55AB9E12326}.Debug|Any CPU.ActiveCfg = Debug|Any CPU
		{F8F6CE16-4A88-2C1E-B291-C55AB9E12326}.Debug|Any CPU.Build.0 = Debug|Any CPU
		{F8F6CE16-4A88-2C1E-B291-C55AB9E12326}.Release|Any CPU.ActiveCfg = Release|Any CPU
		{F8F6CE16-4A88-2C1E-B291-C55AB9E12326}.Release|Any CPU.Build.0 = Release|Any CPU
	EndGlobalSection
	GlobalSection(SolutionProperties) = preSolution
		HideSolutionNode = FALSE
	EndGlobalSection
	GlobalSection(ExtensibilityGlobals) = postSolution
		SolutionGuid = {507FB684-83B5-41EC-83F0-C0FD35CA443E}
	EndGlobalSection
EndGlobal
